// !$*UTF8*$!
{
	archiveVersion = 1;
	classes = {
	};
	objectVersion = 50;
	objects = {

/* Begin PBXBuildFile section */
		300ECC8120CBD66C00E1188D /* main.swift in Sources */ = {isa = PBXBuildFile; fileRef = 300ECC8020CBD66C00E1188D /* main.swift */; };
		3012980C20D606810092BDA9 /* main.swift in Sources */ = {isa = PBXBuildFile; fileRef = 3012980B20D606810092BDA9 /* main.swift */; };
		3012981020D606880092BDA9 /* Canvas.swift in Sources */ = {isa = PBXBuildFile; fileRef = 305B6DD520CD558700A51F42 /* Canvas.swift */; };
		3012981120D606880092BDA9 /* Vec3.swift in Sources */ = {isa = PBXBuildFile; fileRef = 305B6DD720CD657F00A51F42 /* Vec3.swift */; };
		3012981220D606880092BDA9 /* Ray.swift in Sources */ = {isa = PBXBuildFile; fileRef = 3054A4BD20CE182100B60C19 /* Ray.swift */; };
		3012981320D606880092BDA9 /* Hitable.swift in Sources */ = {isa = PBXBuildFile; fileRef = 3054A4E920CE524E00B60C19 /* Hitable.swift */; };
		3012981420D606880092BDA9 /* Camera.swift in Sources */ = {isa = PBXBuildFile; fileRef = 3054A4FA20CE7A9500B60C19 /* Camera.swift */; };
		3012981520D606880092BDA9 /* Material.swift in Sources */ = {isa = PBXBuildFile; fileRef = 3012980420D605CA0092BDA9 /* Material.swift */; };
		3012981620D60A570092BDA9 /* Material.swift in Sources */ = {isa = PBXBuildFile; fileRef = 3012980420D605CA0092BDA9 /* Material.swift */; };
		3012981720D60BF50092BDA9 /* Material.swift in Sources */ = {isa = PBXBuildFile; fileRef = 3012980420D605CA0092BDA9 /* Material.swift */; };
		3012981820D60BFF0092BDA9 /* Material.swift in Sources */ = {isa = PBXBuildFile; fileRef = 3012980420D605CA0092BDA9 /* Material.swift */; };
		3012982020D67F500092BDA9 /* main.swift in Sources */ = {isa = PBXBuildFile; fileRef = 3012981F20D67F500092BDA9 /* main.swift */; };
		3012982420D67F570092BDA9 /* Canvas.swift in Sources */ = {isa = PBXBuildFile; fileRef = 305B6DD520CD558700A51F42 /* Canvas.swift */; };
		3012982520D67F570092BDA9 /* Vec3.swift in Sources */ = {isa = PBXBuildFile; fileRef = 305B6DD720CD657F00A51F42 /* Vec3.swift */; };
		3012982620D67F570092BDA9 /* Ray.swift in Sources */ = {isa = PBXBuildFile; fileRef = 3054A4BD20CE182100B60C19 /* Ray.swift */; };
		3012982720D67F570092BDA9 /* Hitable.swift in Sources */ = {isa = PBXBuildFile; fileRef = 3054A4E920CE524E00B60C19 /* Hitable.swift */; };
		3012982820D67F570092BDA9 /* Camera.swift in Sources */ = {isa = PBXBuildFile; fileRef = 3054A4FA20CE7A9500B60C19 /* Camera.swift */; };
		3012982920D67F570092BDA9 /* Material.swift in Sources */ = {isa = PBXBuildFile; fileRef = 3012980420D605CA0092BDA9 /* Material.swift */; };
		3054A4C520CE189000B60C19 /* main.swift in Sources */ = {isa = PBXBuildFile; fileRef = 3054A4C420CE189000B60C19 /* main.swift */; };
		3054A4C920CE189900B60C19 /* Canvas.swift in Sources */ = {isa = PBXBuildFile; fileRef = 305B6DD520CD558700A51F42 /* Canvas.swift */; };
		3054A4CA20CE189900B60C19 /* Vec3.swift in Sources */ = {isa = PBXBuildFile; fileRef = 305B6DD720CD657F00A51F42 /* Vec3.swift */; };
		3054A4CB20CE189900B60C19 /* Ray.swift in Sources */ = {isa = PBXBuildFile; fileRef = 3054A4BD20CE182100B60C19 /* Ray.swift */; };
		3054A4CC20CE1B7E00B60C19 /* Vec3.swift in Sources */ = {isa = PBXBuildFile; fileRef = 305B6DD720CD657F00A51F42 /* Vec3.swift */; };
		3054A4D420CE242D00B60C19 /* main.swift in Sources */ = {isa = PBXBuildFile; fileRef = 3054A4D320CE242D00B60C19 /* main.swift */; };
		3054A4D820CE243600B60C19 /* Canvas.swift in Sources */ = {isa = PBXBuildFile; fileRef = 305B6DD520CD558700A51F42 /* Canvas.swift */; };
		3054A4D920CE243600B60C19 /* Vec3.swift in Sources */ = {isa = PBXBuildFile; fileRef = 305B6DD720CD657F00A51F42 /* Vec3.swift */; };
		3054A4DA20CE243600B60C19 /* Ray.swift in Sources */ = {isa = PBXBuildFile; fileRef = 3054A4BD20CE182100B60C19 /* Ray.swift */; };
		3054A4E220CE51D500B60C19 /* main.swift in Sources */ = {isa = PBXBuildFile; fileRef = 3054A4E120CE51D500B60C19 /* main.swift */; };
		3054A4E620CE520800B60C19 /* Canvas.swift in Sources */ = {isa = PBXBuildFile; fileRef = 305B6DD520CD558700A51F42 /* Canvas.swift */; };
		3054A4E720CE520800B60C19 /* Vec3.swift in Sources */ = {isa = PBXBuildFile; fileRef = 305B6DD720CD657F00A51F42 /* Vec3.swift */; };
		3054A4E820CE520800B60C19 /* Ray.swift in Sources */ = {isa = PBXBuildFile; fileRef = 3054A4BD20CE182100B60C19 /* Ray.swift */; };
		3054A4EA20CE528D00B60C19 /* Hitable.swift in Sources */ = {isa = PBXBuildFile; fileRef = 3054A4E920CE524E00B60C19 /* Hitable.swift */; };
		3054A4F220CE7A6400B60C19 /* main.swift in Sources */ = {isa = PBXBuildFile; fileRef = 3054A4F120CE7A6400B60C19 /* main.swift */; };
		3054A4F620CE7A7800B60C19 /* Canvas.swift in Sources */ = {isa = PBXBuildFile; fileRef = 305B6DD520CD558700A51F42 /* Canvas.swift */; };
		3054A4F720CE7A7800B60C19 /* Vec3.swift in Sources */ = {isa = PBXBuildFile; fileRef = 305B6DD720CD657F00A51F42 /* Vec3.swift */; };
		3054A4F820CE7A7800B60C19 /* Ray.swift in Sources */ = {isa = PBXBuildFile; fileRef = 3054A4BD20CE182100B60C19 /* Ray.swift */; };
		3054A4F920CE7A7800B60C19 /* Hitable.swift in Sources */ = {isa = PBXBuildFile; fileRef = 3054A4E920CE524E00B60C19 /* Hitable.swift */; };
		3054A4FB20CE7AA900B60C19 /* Camera.swift in Sources */ = {isa = PBXBuildFile; fileRef = 3054A4FA20CE7A9500B60C19 /* Camera.swift */; };
		305B6DD620CD560000A51F42 /* Canvas.swift in Sources */ = {isa = PBXBuildFile; fileRef = 305B6DD520CD558700A51F42 /* Canvas.swift */; };
		305B6DDF20CD66F800A51F42 /* main.swift in Sources */ = {isa = PBXBuildFile; fileRef = 305B6DDE20CD66F800A51F42 /* main.swift */; };
		305B6DE320CD670200A51F42 /* Vec3.swift in Sources */ = {isa = PBXBuildFile; fileRef = 305B6DD720CD657F00A51F42 /* Vec3.swift */; };
		305B6DE420CD670600A51F42 /* Canvas.swift in Sources */ = {isa = PBXBuildFile; fileRef = 305B6DD520CD558700A51F42 /* Canvas.swift */; };
		30CCB68620D3691300594AD4 /* main.swift in Sources */ = {isa = PBXBuildFile; fileRef = 30CCB68520D3691300594AD4 /* main.swift */; };
		30CCB68A20D3692D00594AD4 /* Canvas.swift in Sources */ = {isa = PBXBuildFile; fileRef = 305B6DD520CD558700A51F42 /* Canvas.swift */; };
		30CCB68B20D3692D00594AD4 /* Vec3.swift in Sources */ = {isa = PBXBuildFile; fileRef = 305B6DD720CD657F00A51F42 /* Vec3.swift */; };
		30CCB68C20D3692D00594AD4 /* Ray.swift in Sources */ = {isa = PBXBuildFile; fileRef = 3054A4BD20CE182100B60C19 /* Ray.swift */; };
		30CCB68D20D3692D00594AD4 /* Hitable.swift in Sources */ = {isa = PBXBuildFile; fileRef = 3054A4E920CE524E00B60C19 /* Hitable.swift */; };
		30CCB68E20D3692D00594AD4 /* Camera.swift in Sources */ = {isa = PBXBuildFile; fileRef = 3054A4FA20CE7A9500B60C19 /* Camera.swift */; };
		30DA04F620E3D81800555648 /* main.swift in Sources */ = {isa = PBXBuildFile; fileRef = 30DA04F520E3D81800555648 /* main.swift */; };
		30DA04FA20E3D84500555648 /* Canvas.swift in Sources */ = {isa = PBXBuildFile; fileRef = 305B6DD520CD558700A51F42 /* Canvas.swift */; };
		30DA04FB20E3D84500555648 /* Vec3.swift in Sources */ = {isa = PBXBuildFile; fileRef = 305B6DD720CD657F00A51F42 /* Vec3.swift */; };
		30DA04FC20E3D84500555648 /* Ray.swift in Sources */ = {isa = PBXBuildFile; fileRef = 3054A4BD20CE182100B60C19 /* Ray.swift */; };
		30DA04FD20E3D84500555648 /* Hitable.swift in Sources */ = {isa = PBXBuildFile; fileRef = 3054A4E920CE524E00B60C19 /* Hitable.swift */; };
		30DA04FE20E3D84500555648 /* Camera.swift in Sources */ = {isa = PBXBuildFile; fileRef = 3054A4FA20CE7A9500B60C19 /* Camera.swift */; };
		30DA04FF20E3D84500555648 /* Material.swift in Sources */ = {isa = PBXBuildFile; fileRef = 3012980420D605CA0092BDA9 /* Material.swift */; };
/* End PBXBuildFile section */

/* Begin PBXCopyFilesBuildPhase section */
		300ECC7C20CBD66C00E1188D /* CopyFiles */ = {
			isa = PBXCopyFilesBuildPhase;
			buildActionMask = 2147483647;
			dstPath = /usr/share/man/man1/;
			dstSubfolderSpec = 0;
			files = (
			);
			runOnlyForDeploymentPostprocessing = 1;
		};
		3012980720D606810092BDA9 /* CopyFiles */ = {
			isa = PBXCopyFilesBuildPhase;
			buildActionMask = 2147483647;
			dstPath = /usr/share/man/man1/;
			dstSubfolderSpec = 0;
			files = (
			);
			runOnlyForDeploymentPostprocessing = 1;
		};
		3012981B20D67F500092BDA9 /* CopyFiles */ = {
			isa = PBXCopyFilesBuildPhase;
			buildActionMask = 2147483647;
			dstPath = /usr/share/man/man1/;
			dstSubfolderSpec = 0;
			files = (
			);
			runOnlyForDeploymentPostprocessing = 1;
		};
		3054A4C020CE189000B60C19 /* CopyFiles */ = {
			isa = PBXCopyFilesBuildPhase;
			buildActionMask = 2147483647;
			dstPath = /usr/share/man/man1/;
			dstSubfolderSpec = 0;
			files = (
			);
			runOnlyForDeploymentPostprocessing = 1;
		};
		3054A4CF20CE242D00B60C19 /* CopyFiles */ = {
			isa = PBXCopyFilesBuildPhase;
			buildActionMask = 2147483647;
			dstPath = /usr/share/man/man1/;
			dstSubfolderSpec = 0;
			files = (
			);
			runOnlyForDeploymentPostprocessing = 1;
		};
		3054A4DD20CE51D500B60C19 /* CopyFiles */ = {
			isa = PBXCopyFilesBuildPhase;
			buildActionMask = 2147483647;
			dstPath = /usr/share/man/man1/;
			dstSubfolderSpec = 0;
			files = (
			);
			runOnlyForDeploymentPostprocessing = 1;
		};
		3054A4ED20CE7A6400B60C19 /* CopyFiles */ = {
			isa = PBXCopyFilesBuildPhase;
			buildActionMask = 2147483647;
			dstPath = /usr/share/man/man1/;
			dstSubfolderSpec = 0;
			files = (
			);
			runOnlyForDeploymentPostprocessing = 1;
		};
		305B6DDA20CD66F800A51F42 /* CopyFiles */ = {
			isa = PBXCopyFilesBuildPhase;
			buildActionMask = 2147483647;
			dstPath = /usr/share/man/man1/;
			dstSubfolderSpec = 0;
			files = (
			);
			runOnlyForDeploymentPostprocessing = 1;
		};
		30CCB68120D3691300594AD4 /* CopyFiles */ = {
			isa = PBXCopyFilesBuildPhase;
			buildActionMask = 2147483647;
			dstPath = /usr/share/man/man1/;
			dstSubfolderSpec = 0;
			files = (
			);
			runOnlyForDeploymentPostprocessing = 1;
		};
		30DA04F120E3D81800555648 /* CopyFiles */ = {
			isa = PBXCopyFilesBuildPhase;
			buildActionMask = 2147483647;
			dstPath = /usr/share/man/man1/;
			dstSubfolderSpec = 0;
			files = (
			);
			runOnlyForDeploymentPostprocessing = 1;
		};
/* End PBXCopyFilesBuildPhase section */

/* Begin PBXFileReference section */
		300ECC7E20CBD66C00E1188D /* chap01 */ = {isa = PBXFileReference; explicitFileType = "compiled.mach-o.executable"; includeInIndex = 0; path = chap01; sourceTree = BUILT_PRODUCTS_DIR; };
		300ECC8020CBD66C00E1188D /* main.swift */ = {isa = PBXFileReference; lastKnownFileType = sourcecode.swift; path = main.swift; sourceTree = "<group>"; };
		3012980420D605CA0092BDA9 /* Material.swift */ = {isa = PBXFileReference; lastKnownFileType = sourcecode.swift; path = Material.swift; sourceTree = "<group>"; };
		3012980920D606810092BDA9 /* chap08 */ = {isa = PBXFileReference; explicitFileType = "compiled.mach-o.executable"; includeInIndex = 0; path = chap08; sourceTree = BUILT_PRODUCTS_DIR; };
		3012980B20D606810092BDA9 /* main.swift */ = {isa = PBXFileReference; lastKnownFileType = sourcecode.swift; path = main.swift; sourceTree = "<group>"; };
		3012981D20D67F500092BDA9 /* chap09 */ = {isa = PBXFileReference; explicitFileType = "compiled.mach-o.executable"; includeInIndex = 0; path = chap09; sourceTree = BUILT_PRODUCTS_DIR; };
		3012981F20D67F500092BDA9 /* main.swift */ = {isa = PBXFileReference; lastKnownFileType = sourcecode.swift; path = main.swift; sourceTree = "<group>"; };
		3054A4BD20CE182100B60C19 /* Ray.swift */ = {isa = PBXFileReference; lastKnownFileType = sourcecode.swift; path = Ray.swift; sourceTree = "<group>"; };
		3054A4C220CE189000B60C19 /* chap03 */ = {isa = PBXFileReference; explicitFileType = "compiled.mach-o.executable"; includeInIndex = 0; path = chap03; sourceTree = BUILT_PRODUCTS_DIR; };
		3054A4C420CE189000B60C19 /* main.swift */ = {isa = PBXFileReference; lastKnownFileType = sourcecode.swift; path = main.swift; sourceTree = "<group>"; };
		3054A4D120CE242D00B60C19 /* chap04 */ = {isa = PBXFileReference; explicitFileType = "compiled.mach-o.executable"; includeInIndex = 0; path = chap04; sourceTree = BUILT_PRODUCTS_DIR; };
		3054A4D320CE242D00B60C19 /* main.swift */ = {isa = PBXFileReference; lastKnownFileType = sourcecode.swift; path = main.swift; sourceTree = "<group>"; };
		3054A4DF20CE51D500B60C19 /* chap05 */ = {isa = PBXFileReference; explicitFileType = "compiled.mach-o.executable"; includeInIndex = 0; path = chap05; sourceTree = BUILT_PRODUCTS_DIR; };
		3054A4E120CE51D500B60C19 /* main.swift */ = {isa = PBXFileReference; lastKnownFileType = sourcecode.swift; path = main.swift; sourceTree = "<group>"; };
		3054A4E920CE524E00B60C19 /* Hitable.swift */ = {isa = PBXFileReference; lastKnownFileType = sourcecode.swift; path = Hitable.swift; sourceTree = "<group>"; };
		3054A4EF20CE7A6400B60C19 /* chap06 */ = {isa = PBXFileReference; explicitFileType = "compiled.mach-o.executable"; includeInIndex = 0; path = chap06; sourceTree = BUILT_PRODUCTS_DIR; };
		3054A4F120CE7A6400B60C19 /* main.swift */ = {isa = PBXFileReference; lastKnownFileType = sourcecode.swift; path = main.swift; sourceTree = "<group>"; };
		3054A4FA20CE7A9500B60C19 /* Camera.swift */ = {isa = PBXFileReference; lastKnownFileType = sourcecode.swift; path = Camera.swift; sourceTree = "<group>"; };
		305B6DD520CD558700A51F42 /* Canvas.swift */ = {isa = PBXFileReference; lastKnownFileType = sourcecode.swift; path = Canvas.swift; sourceTree = "<group>"; };
		305B6DD720CD657F00A51F42 /* Vec3.swift */ = {isa = PBXFileReference; lastKnownFileType = sourcecode.swift; path = Vec3.swift; sourceTree = "<group>"; };
		305B6DDC20CD66F800A51F42 /* chap02 */ = {isa = PBXFileReference; explicitFileType = "compiled.mach-o.executable"; includeInIndex = 0; path = chap02; sourceTree = BUILT_PRODUCTS_DIR; };
		305B6DDE20CD66F800A51F42 /* main.swift */ = {isa = PBXFileReference; lastKnownFileType = sourcecode.swift; path = main.swift; sourceTree = "<group>"; };
		30CCB68320D3691300594AD4 /* chap07 */ = {isa = PBXFileReference; explicitFileType = "compiled.mach-o.executable"; includeInIndex = 0; path = chap07; sourceTree = BUILT_PRODUCTS_DIR; };
		30CCB68520D3691300594AD4 /* main.swift */ = {isa = PBXFileReference; lastKnownFileType = sourcecode.swift; path = main.swift; sourceTree = "<group>"; };
		30DA04F320E3D81800555648 /* chap10 */ = {isa = PBXFileReference; explicitFileType = "compiled.mach-o.executable"; includeInIndex = 0; path = chap10; sourceTree = BUILT_PRODUCTS_DIR; };
		30DA04F520E3D81800555648 /* main.swift */ = {isa = PBXFileReference; lastKnownFileType = sourcecode.swift; path = main.swift; sourceTree = "<group>"; };
/* End PBXFileReference section */

/* Begin PBXFrameworksBuildPhase section */
		300ECC7B20CBD66C00E1188D /* Frameworks */ = {
			isa = PBXFrameworksBuildPhase;
			buildActionMask = 2147483647;
			files = (
			);
			runOnlyForDeploymentPostprocessing = 0;
		};
		3012980620D606810092BDA9 /* Frameworks */ = {
			isa = PBXFrameworksBuildPhase;
			buildActionMask = 2147483647;
			files = (
			);
			runOnlyForDeploymentPostprocessing = 0;
		};
		3012981A20D67F500092BDA9 /* Frameworks */ = {
			isa = PBXFrameworksBuildPhase;
			buildActionMask = 2147483647;
			files = (
			);
			runOnlyForDeploymentPostprocessing = 0;
		};
		3054A4BF20CE189000B60C19 /* Frameworks */ = {
			isa = PBXFrameworksBuildPhase;
			buildActionMask = 2147483647;
			files = (
			);
			runOnlyForDeploymentPostprocessing = 0;
		};
		3054A4CE20CE242D00B60C19 /* Frameworks */ = {
			isa = PBXFrameworksBuildPhase;
			buildActionMask = 2147483647;
			files = (
			);
			runOnlyForDeploymentPostprocessing = 0;
		};
		3054A4DC20CE51D500B60C19 /* Frameworks */ = {
			isa = PBXFrameworksBuildPhase;
			buildActionMask = 2147483647;
			files = (
			);
			runOnlyForDeploymentPostprocessing = 0;
		};
		3054A4EC20CE7A6400B60C19 /* Frameworks */ = {
			isa = PBXFrameworksBuildPhase;
			buildActionMask = 2147483647;
			files = (
			);
			runOnlyForDeploymentPostprocessing = 0;
		};
		305B6DD920CD66F800A51F42 /* Frameworks */ = {
			isa = PBXFrameworksBuildPhase;
			buildActionMask = 2147483647;
			files = (
			);
			runOnlyForDeploymentPostprocessing = 0;
		};
		30CCB68020D3691300594AD4 /* Frameworks */ = {
			isa = PBXFrameworksBuildPhase;
			buildActionMask = 2147483647;
			files = (
			);
			runOnlyForDeploymentPostprocessing = 0;
		};
		30DA04F020E3D81800555648 /* Frameworks */ = {
			isa = PBXFrameworksBuildPhase;
			buildActionMask = 2147483647;
			files = (
			);
			runOnlyForDeploymentPostprocessing = 0;
		};
/* End PBXFrameworksBuildPhase section */

/* Begin PBXGroup section */
		300ECC6720CBD5E800E1188D = {
			isa = PBXGroup;
			children = (
				300ECC8620CBD8A600E1188D /* common */,
				300ECC7F20CBD66C00E1188D /* chap01 */,
				305B6DDD20CD66F800A51F42 /* chap02 */,
				3054A4C320CE189000B60C19 /* chap03 */,
				3054A4D220CE242D00B60C19 /* chap04 */,
				3054A4E020CE51D500B60C19 /* chap05 */,
				3054A4F020CE7A6400B60C19 /* chap06 */,
				30CCB68420D3691300594AD4 /* chap07 */,
				3012980A20D606810092BDA9 /* chap08 */,
				3012981E20D67F500092BDA9 /* chap09 */,
				30DA04F420E3D81800555648 /* chap10 */,
				300ECC7120CBD5E800E1188D /* Products */,
			);
			sourceTree = "<group>";
		};
		300ECC7120CBD5E800E1188D /* Products */ = {
			isa = PBXGroup;
			children = (
				300ECC7E20CBD66C00E1188D /* chap01 */,
				305B6DDC20CD66F800A51F42 /* chap02 */,
				3054A4C220CE189000B60C19 /* chap03 */,
				3054A4D120CE242D00B60C19 /* chap04 */,
				3054A4DF20CE51D500B60C19 /* chap05 */,
				3054A4EF20CE7A6400B60C19 /* chap06 */,
				30CCB68320D3691300594AD4 /* chap07 */,
				3012980920D606810092BDA9 /* chap08 */,
				3012981D20D67F500092BDA9 /* chap09 */,
				30DA04F320E3D81800555648 /* chap10 */,
			);
			name = Products;
			sourceTree = "<group>";
		};
		300ECC7F20CBD66C00E1188D /* chap01 */ = {
			isa = PBXGroup;
			children = (
				300ECC8020CBD66C00E1188D /* main.swift */,
			);
			path = chap01;
			sourceTree = "<group>";
		};
		300ECC8620CBD8A600E1188D /* common */ = {
			isa = PBXGroup;
			children = (
				305B6DD520CD558700A51F42 /* Canvas.swift */,
				305B6DD720CD657F00A51F42 /* Vec3.swift */,
				3054A4BD20CE182100B60C19 /* Ray.swift */,
				3054A4E920CE524E00B60C19 /* Hitable.swift */,
				3054A4FA20CE7A9500B60C19 /* Camera.swift */,
				3012980420D605CA0092BDA9 /* Material.swift */,
			);
			path = common;
			sourceTree = "<group>";
		};
		3012980A20D606810092BDA9 /* chap08 */ = {
			isa = PBXGroup;
			children = (
				3012980B20D606810092BDA9 /* main.swift */,
			);
			path = chap08;
			sourceTree = "<group>";
		};
		3012981E20D67F500092BDA9 /* chap09 */ = {
			isa = PBXGroup;
			children = (
				3012981F20D67F500092BDA9 /* main.swift */,
			);
			path = chap09;
			sourceTree = "<group>";
		};
		3054A4C320CE189000B60C19 /* chap03 */ = {
			isa = PBXGroup;
			children = (
				3054A4C420CE189000B60C19 /* main.swift */,
			);
			path = chap03;
			sourceTree = "<group>";
		};
		3054A4D220CE242D00B60C19 /* chap04 */ = {
			isa = PBXGroup;
			children = (
				3054A4D320CE242D00B60C19 /* main.swift */,
			);
			path = chap04;
			sourceTree = "<group>";
		};
		3054A4E020CE51D500B60C19 /* chap05 */ = {
			isa = PBXGroup;
			children = (
				3054A4E120CE51D500B60C19 /* main.swift */,
			);
			path = chap05;
			sourceTree = "<group>";
		};
		3054A4F020CE7A6400B60C19 /* chap06 */ = {
			isa = PBXGroup;
			children = (
				3054A4F120CE7A6400B60C19 /* main.swift */,
			);
			path = chap06;
			sourceTree = "<group>";
		};
		305B6DDD20CD66F800A51F42 /* chap02 */ = {
			isa = PBXGroup;
			children = (
				305B6DDE20CD66F800A51F42 /* main.swift */,
			);
			path = chap02;
			sourceTree = "<group>";
		};
		30CCB68420D3691300594AD4 /* chap07 */ = {
			isa = PBXGroup;
			children = (
				30CCB68520D3691300594AD4 /* main.swift */,
			);
			path = chap07;
			sourceTree = "<group>";
		};
		30DA04F420E3D81800555648 /* chap10 */ = {
			isa = PBXGroup;
			children = (
				30DA04F520E3D81800555648 /* main.swift */,
			);
			path = chap10;
			sourceTree = "<group>";
		};
/* End PBXGroup section */

/* Begin PBXNativeTarget section */
		300ECC7D20CBD66C00E1188D /* chap01 */ = {
			isa = PBXNativeTarget;
			buildConfigurationList = 300ECC8220CBD66C00E1188D /* Build configuration list for PBXNativeTarget "chap01" */;
			buildPhases = (
				300ECC7A20CBD66C00E1188D /* Sources */,
				300ECC7B20CBD66C00E1188D /* Frameworks */,
				300ECC7C20CBD66C00E1188D /* CopyFiles */,
			);
			buildRules = (
			);
			dependencies = (
			);
			name = chap01;
			productName = chap01;
			productReference = 300ECC7E20CBD66C00E1188D /* chap01 */;
			productType = "com.apple.product-type.tool";
		};
		3012980820D606810092BDA9 /* chap08 */ = {
			isa = PBXNativeTarget;
			buildConfigurationList = 3012980D20D606810092BDA9 /* Build configuration list for PBXNativeTarget "chap08" */;
			buildPhases = (
				3012980520D606810092BDA9 /* Sources */,
				3012980620D606810092BDA9 /* Frameworks */,
				3012980720D606810092BDA9 /* CopyFiles */,
			);
			buildRules = (
			);
			dependencies = (
			);
			name = chap08;
			productName = chap08;
			productReference = 3012980920D606810092BDA9 /* chap08 */;
			productType = "com.apple.product-type.tool";
		};
		3012981C20D67F500092BDA9 /* chap09 */ = {
			isa = PBXNativeTarget;
			buildConfigurationList = 3012982120D67F500092BDA9 /* Build configuration list for PBXNativeTarget "chap09" */;
			buildPhases = (
				3012981920D67F500092BDA9 /* Sources */,
				3012981A20D67F500092BDA9 /* Frameworks */,
				3012981B20D67F500092BDA9 /* CopyFiles */,
			);
			buildRules = (
			);
			dependencies = (
			);
			name = chap09;
			productName = chap09;
			productReference = 3012981D20D67F500092BDA9 /* chap09 */;
			productType = "com.apple.product-type.tool";
		};
		3054A4C120CE189000B60C19 /* chap03 */ = {
			isa = PBXNativeTarget;
			buildConfigurationList = 3054A4C620CE189000B60C19 /* Build configuration list for PBXNativeTarget "chap03" */;
			buildPhases = (
				3054A4BE20CE189000B60C19 /* Sources */,
				3054A4BF20CE189000B60C19 /* Frameworks */,
				3054A4C020CE189000B60C19 /* CopyFiles */,
			);
			buildRules = (
			);
			dependencies = (
			);
			name = chap03;
			productName = chap03;
			productReference = 3054A4C220CE189000B60C19 /* chap03 */;
			productType = "com.apple.product-type.tool";
		};
		3054A4D020CE242D00B60C19 /* chap04 */ = {
			isa = PBXNativeTarget;
			buildConfigurationList = 3054A4D520CE242D00B60C19 /* Build configuration list for PBXNativeTarget "chap04" */;
			buildPhases = (
				3054A4CD20CE242D00B60C19 /* Sources */,
				3054A4CE20CE242D00B60C19 /* Frameworks */,
				3054A4CF20CE242D00B60C19 /* CopyFiles */,
			);
			buildRules = (
			);
			dependencies = (
			);
			name = chap04;
			productName = chap04;
			productReference = 3054A4D120CE242D00B60C19 /* chap04 */;
			productType = "com.apple.product-type.tool";
		};
		3054A4DE20CE51D500B60C19 /* chap05 */ = {
			isa = PBXNativeTarget;
			buildConfigurationList = 3054A4E320CE51D500B60C19 /* Build configuration list for PBXNativeTarget "chap05" */;
			buildPhases = (
				3054A4DB20CE51D500B60C19 /* Sources */,
				3054A4DC20CE51D500B60C19 /* Frameworks */,
				3054A4DD20CE51D500B60C19 /* CopyFiles */,
			);
			buildRules = (
			);
			dependencies = (
			);
			name = chap05;
			productName = chap05;
			productReference = 3054A4DF20CE51D500B60C19 /* chap05 */;
			productType = "com.apple.product-type.tool";
		};
		3054A4EE20CE7A6400B60C19 /* chap06 */ = {
			isa = PBXNativeTarget;
			buildConfigurationList = 3054A4F320CE7A6400B60C19 /* Build configuration list for PBXNativeTarget "chap06" */;
			buildPhases = (
				3054A4EB20CE7A6400B60C19 /* Sources */,
				3054A4EC20CE7A6400B60C19 /* Frameworks */,
				3054A4ED20CE7A6400B60C19 /* CopyFiles */,
			);
			buildRules = (
			);
			dependencies = (
			);
			name = chap06;
			productName = chap06;
			productReference = 3054A4EF20CE7A6400B60C19 /* chap06 */;
			productType = "com.apple.product-type.tool";
		};
		305B6DDB20CD66F800A51F42 /* chap02 */ = {
			isa = PBXNativeTarget;
			buildConfigurationList = 305B6DE020CD66F800A51F42 /* Build configuration list for PBXNativeTarget "chap02" */;
			buildPhases = (
				305B6DD820CD66F800A51F42 /* Sources */,
				305B6DD920CD66F800A51F42 /* Frameworks */,
				305B6DDA20CD66F800A51F42 /* CopyFiles */,
			);
			buildRules = (
			);
			dependencies = (
			);
			name = chap02;
			productName = chap02;
			productReference = 305B6DDC20CD66F800A51F42 /* chap02 */;
			productType = "com.apple.product-type.tool";
		};
		30CCB68220D3691300594AD4 /* chap07 */ = {
			isa = PBXNativeTarget;
			buildConfigurationList = 30CCB68920D3691300594AD4 /* Build configuration list for PBXNativeTarget "chap07" */;
			buildPhases = (
				30CCB67F20D3691300594AD4 /* Sources */,
				30CCB68020D3691300594AD4 /* Frameworks */,
				30CCB68120D3691300594AD4 /* CopyFiles */,
			);
			buildRules = (
			);
			dependencies = (
			);
			name = chap07;
			productName = chap07;
			productReference = 30CCB68320D3691300594AD4 /* chap07 */;
			productType = "com.apple.product-type.tool";
		};
		30DA04F220E3D81800555648 /* chap10 */ = {
			isa = PBXNativeTarget;
			buildConfigurationList = 30DA04F920E3D81800555648 /* Build configuration list for PBXNativeTarget "chap10" */;
			buildPhases = (
				30DA04EF20E3D81800555648 /* Sources */,
				30DA04F020E3D81800555648 /* Frameworks */,
				30DA04F120E3D81800555648 /* CopyFiles */,
			);
			buildRules = (
			);
			dependencies = (
			);
			name = chap10;
			productName = chap10;
			productReference = 30DA04F320E3D81800555648 /* chap10 */;
			productType = "com.apple.product-type.tool";
		};
/* End PBXNativeTarget section */

/* Begin PBXProject section */
		300ECC6820CBD5E800E1188D /* Project object */ = {
			isa = PBXProject;
			attributes = {
				LastSwiftUpdateCheck = 0940;
				LastUpgradeCheck = 0940;
				ORGANIZATIONNAME = eanjee;
				TargetAttributes = {
					300ECC7D20CBD66C00E1188D = {
						CreatedOnToolsVersion = 9.4;
					};
					3012980820D606810092BDA9 = {
						CreatedOnToolsVersion = 9.4;
					};
					3012981C20D67F500092BDA9 = {
						CreatedOnToolsVersion = 9.4;
					};
					3054A4C120CE189000B60C19 = {
						CreatedOnToolsVersion = 9.4;
					};
					3054A4D020CE242D00B60C19 = {
						CreatedOnToolsVersion = 9.4;
					};
					3054A4DE20CE51D500B60C19 = {
						CreatedOnToolsVersion = 9.4;
					};
					3054A4EE20CE7A6400B60C19 = {
						CreatedOnToolsVersion = 9.4;
					};
					305B6DDB20CD66F800A51F42 = {
						CreatedOnToolsVersion = 9.4;
					};
					30CCB68220D3691300594AD4 = {
						CreatedOnToolsVersion = 9.4;
					};
					30DA04F220E3D81800555648 = {
						CreatedOnToolsVersion = 9.4.1;
					};
				};
			};
			buildConfigurationList = 300ECC6B20CBD5E800E1188D /* Build configuration list for PBXProject "RayTracingInOneWeekendWithSwift" */;
			compatibilityVersion = "Xcode 9.3";
			developmentRegion = en;
			hasScannedForEncodings = 0;
			knownRegions = (
				en,
			);
			mainGroup = 300ECC6720CBD5E800E1188D;
			productRefGroup = 300ECC7120CBD5E800E1188D /* Products */;
			projectDirPath = "";
			projectRoot = "";
			targets = (
				300ECC7D20CBD66C00E1188D /* chap01 */,
				305B6DDB20CD66F800A51F42 /* chap02 */,
				3054A4C120CE189000B60C19 /* chap03 */,
				3054A4D020CE242D00B60C19 /* chap04 */,
				3054A4DE20CE51D500B60C19 /* chap05 */,
				3054A4EE20CE7A6400B60C19 /* chap06 */,
				30CCB68220D3691300594AD4 /* chap07 */,
				3012980820D606810092BDA9 /* chap08 */,
				3012981C20D67F500092BDA9 /* chap09 */,
				30DA04F220E3D81800555648 /* chap10 */,
			);
		};
/* End PBXProject section */

/* Begin PBXSourcesBuildPhase section */
		300ECC7A20CBD66C00E1188D /* Sources */ = {
			isa = PBXSourcesBuildPhase;
			buildActionMask = 2147483647;
			files = (
				3054A4CC20CE1B7E00B60C19 /* Vec3.swift in Sources */,
				305B6DD620CD560000A51F42 /* Canvas.swift in Sources */,
				300ECC8120CBD66C00E1188D /* main.swift in Sources */,
			);
			runOnlyForDeploymentPostprocessing = 0;
		};
		3012980520D606810092BDA9 /* Sources */ = {
			isa = PBXSourcesBuildPhase;
			buildActionMask = 2147483647;
			files = (
				3012981020D606880092BDA9 /* Canvas.swift in Sources */,
				3012981120D606880092BDA9 /* Vec3.swift in Sources */,
				3012981220D606880092BDA9 /* Ray.swift in Sources */,
				3012981320D606880092BDA9 /* Hitable.swift in Sources */,
				3012981420D606880092BDA9 /* Camera.swift in Sources */,
				3012981520D606880092BDA9 /* Material.swift in Sources */,
				3012980C20D606810092BDA9 /* main.swift in Sources */,
			);
			runOnlyForDeploymentPostprocessing = 0;
		};
		3012981920D67F500092BDA9 /* Sources */ = {
			isa = PBXSourcesBuildPhase;
			buildActionMask = 2147483647;
			files = (
				3012982420D67F570092BDA9 /* Canvas.swift in Sources */,
				3012982520D67F570092BDA9 /* Vec3.swift in Sources */,
				3012982620D67F570092BDA9 /* Ray.swift in Sources */,
				3012982720D67F570092BDA9 /* Hitable.swift in Sources */,
				3012982820D67F570092BDA9 /* Camera.swift in Sources */,
				3012982920D67F570092BDA9 /* Material.swift in Sources */,
				3012982020D67F500092BDA9 /* main.swift in Sources */,
			);
			runOnlyForDeploymentPostprocessing = 0;
		};
		3054A4BE20CE189000B60C19 /* Sources */ = {
			isa = PBXSourcesBuildPhase;
			buildActionMask = 2147483647;
			files = (
				3054A4C920CE189900B60C19 /* Canvas.swift in Sources */,
				3054A4CA20CE189900B60C19 /* Vec3.swift in Sources */,
				3054A4CB20CE189900B60C19 /* Ray.swift in Sources */,
				3054A4C520CE189000B60C19 /* main.swift in Sources */,
			);
			runOnlyForDeploymentPostprocessing = 0;
		};
		3054A4CD20CE242D00B60C19 /* Sources */ = {
			isa = PBXSourcesBuildPhase;
			buildActionMask = 2147483647;
			files = (
				3054A4D820CE243600B60C19 /* Canvas.swift in Sources */,
				3054A4D920CE243600B60C19 /* Vec3.swift in Sources */,
				3054A4DA20CE243600B60C19 /* Ray.swift in Sources */,
				3054A4D420CE242D00B60C19 /* main.swift in Sources */,
			);
			runOnlyForDeploymentPostprocessing = 0;
		};
		3054A4DB20CE51D500B60C19 /* Sources */ = {
			isa = PBXSourcesBuildPhase;
			buildActionMask = 2147483647;
			files = (
				3012981820D60BFF0092BDA9 /* Material.swift in Sources */,
				3054A4EA20CE528D00B60C19 /* Hitable.swift in Sources */,
				3054A4E620CE520800B60C19 /* Canvas.swift in Sources */,
				3054A4E720CE520800B60C19 /* Vec3.swift in Sources */,
				3054A4E820CE520800B60C19 /* Ray.swift in Sources */,
				3054A4E220CE51D500B60C19 /* main.swift in Sources */,
			);
			runOnlyForDeploymentPostprocessing = 0;
		};
		3054A4EB20CE7A6400B60C19 /* Sources */ = {
			isa = PBXSourcesBuildPhase;
			buildActionMask = 2147483647;
			files = (
				3012981720D60BF50092BDA9 /* Material.swift in Sources */,
				3054A4FB20CE7AA900B60C19 /* Camera.swift in Sources */,
				3054A4F620CE7A7800B60C19 /* Canvas.swift in Sources */,
				3054A4F720CE7A7800B60C19 /* Vec3.swift in Sources */,
				3054A4F820CE7A7800B60C19 /* Ray.swift in Sources */,
				3054A4F920CE7A7800B60C19 /* Hitable.swift in Sources */,
				3054A4F220CE7A6400B60C19 /* main.swift in Sources */,
			);
			runOnlyForDeploymentPostprocessing = 0;
		};
		305B6DD820CD66F800A51F42 /* Sources */ = {
			isa = PBXSourcesBuildPhase;
			buildActionMask = 2147483647;
			files = (
				305B6DE420CD670600A51F42 /* Canvas.swift in Sources */,
				305B6DE320CD670200A51F42 /* Vec3.swift in Sources */,
				305B6DDF20CD66F800A51F42 /* main.swift in Sources */,
			);
			runOnlyForDeploymentPostprocessing = 0;
		};
		30CCB67F20D3691300594AD4 /* Sources */ = {
			isa = PBXSourcesBuildPhase;
			buildActionMask = 2147483647;
			files = (
				3012981620D60A570092BDA9 /* Material.swift in Sources */,
				30CCB68A20D3692D00594AD4 /* Canvas.swift in Sources */,
				30CCB68B20D3692D00594AD4 /* Vec3.swift in Sources */,
				30CCB68C20D3692D00594AD4 /* Ray.swift in Sources */,
				30CCB68D20D3692D00594AD4 /* Hitable.swift in Sources */,
				30CCB68E20D3692D00594AD4 /* Camera.swift in Sources */,
				30CCB68620D3691300594AD4 /* main.swift in Sources */,
			);
			runOnlyForDeploymentPostprocessing = 0;
		};
		30DA04EF20E3D81800555648 /* Sources */ = {
			isa = PBXSourcesBuildPhase;
			buildActionMask = 2147483647;
			files = (
				30DA04FA20E3D84500555648 /* Canvas.swift in Sources */,
				30DA04FB20E3D84500555648 /* Vec3.swift in Sources */,
				30DA04FC20E3D84500555648 /* Ray.swift in Sources */,
				30DA04FD20E3D84500555648 /* Hitable.swift in Sources */,
				30DA04FE20E3D84500555648 /* Camera.swift in Sources */,
				30DA04FF20E3D84500555648 /* Material.swift in Sources */,
				30DA04F620E3D81800555648 /* main.swift in Sources */,
			);
			runOnlyForDeploymentPostprocessing = 0;
		};
/* End PBXSourcesBuildPhase section */

/* Begin XCBuildConfiguration section */
		300ECC7520CBD5E800E1188D /* Debug */ = {
			isa = XCBuildConfiguration;
			buildSettings = {
				ALWAYS_SEARCH_USER_PATHS = NO;
				CLANG_ANALYZER_NONNULL = YES;
				CLANG_ANALYZER_NUMBER_OBJECT_CONVERSION = YES_AGGRESSIVE;
				CLANG_CXX_LANGUAGE_STANDARD = "gnu++14";
				CLANG_CXX_LIBRARY = "libc++";
				CLANG_ENABLE_MODULES = YES;
				CLANG_ENABLE_OBJC_ARC = YES;
				CLANG_ENABLE_OBJC_WEAK = YES;
				CLANG_WARN_BLOCK_CAPTURE_AUTORELEASING = YES;
				CLANG_WARN_BOOL_CONVERSION = YES;
				CLANG_WARN_COMMA = YES;
				CLANG_WARN_CONSTANT_CONVERSION = YES;
				CLANG_WARN_DEPRECATED_OBJC_IMPLEMENTATIONS = YES;
				CLANG_WARN_DIRECT_OBJC_ISA_USAGE = YES_ERROR;
				CLANG_WARN_DOCUMENTATION_COMMENTS = YES;
				CLANG_WARN_EMPTY_BODY = YES;
				CLANG_WARN_ENUM_CONVERSION = YES;
				CLANG_WARN_INFINITE_RECURSION = YES;
				CLANG_WARN_INT_CONVERSION = YES;
				CLANG_WARN_NON_LITERAL_NULL_CONVERSION = YES;
				CLANG_WARN_OBJC_IMPLICIT_RETAIN_SELF = YES;
				CLANG_WARN_OBJC_LITERAL_CONVERSION = YES;
				CLANG_WARN_OBJC_ROOT_CLASS = YES_ERROR;
				CLANG_WARN_RANGE_LOOP_ANALYSIS = YES;
				CLANG_WARN_STRICT_PROTOTYPES = YES;
				CLANG_WARN_SUSPICIOUS_MOVE = YES;
				CLANG_WARN_UNGUARDED_AVAILABILITY = YES_AGGRESSIVE;
				CLANG_WARN_UNREACHABLE_CODE = YES;
				CLANG_WARN__DUPLICATE_METHOD_MATCH = YES;
				CODE_SIGN_IDENTITY = "-";
				COPY_PHASE_STRIP = NO;
				DEBUG_INFORMATION_FORMAT = dwarf;
				ENABLE_STRICT_OBJC_MSGSEND = YES;
				ENABLE_TESTABILITY = YES;
				GCC_C_LANGUAGE_STANDARD = gnu11;
				GCC_DYNAMIC_NO_PIC = NO;
				GCC_NO_COMMON_BLOCKS = YES;
				GCC_OPTIMIZATION_LEVEL = 0;
				GCC_PREPROCESSOR_DEFINITIONS = (
					"DEBUG=1",
					"$(inherited)",
				);
				GCC_WARN_64_TO_32_BIT_CONVERSION = YES;
				GCC_WARN_ABOUT_RETURN_TYPE = YES_ERROR;
				GCC_WARN_UNDECLARED_SELECTOR = YES;
				GCC_WARN_UNINITIALIZED_AUTOS = YES_AGGRESSIVE;
				GCC_WARN_UNUSED_FUNCTION = YES;
				GCC_WARN_UNUSED_VARIABLE = YES;
				MACOSX_DEPLOYMENT_TARGET = 10.13;
				MTL_ENABLE_DEBUG_INFO = YES;
				ONLY_ACTIVE_ARCH = YES;
				SDKROOT = macosx;
				SWIFT_ACTIVE_COMPILATION_CONDITIONS = DEBUG;
				SWIFT_OPTIMIZATION_LEVEL = "-Onone";
			};
			name = Debug;
		};
		300ECC7620CBD5E800E1188D /* Release */ = {
			isa = XCBuildConfiguration;
			buildSettings = {
				ALWAYS_SEARCH_USER_PATHS = NO;
				CLANG_ANALYZER_NONNULL = YES;
				CLANG_ANALYZER_NUMBER_OBJECT_CONVERSION = YES_AGGRESSIVE;
				CLANG_CXX_LANGUAGE_STANDARD = "gnu++14";
				CLANG_CXX_LIBRARY = "libc++";
				CLANG_ENABLE_MODULES = YES;
				CLANG_ENABLE_OBJC_ARC = YES;
				CLANG_ENABLE_OBJC_WEAK = YES;
				CLANG_WARN_BLOCK_CAPTURE_AUTORELEASING = YES;
				CLANG_WARN_BOOL_CONVERSION = YES;
				CLANG_WARN_COMMA = YES;
				CLANG_WARN_CONSTANT_CONVERSION = YES;
				CLANG_WARN_DEPRECATED_OBJC_IMPLEMENTATIONS = YES;
				CLANG_WARN_DIRECT_OBJC_ISA_USAGE = YES_ERROR;
				CLANG_WARN_DOCUMENTATION_COMMENTS = YES;
				CLANG_WARN_EMPTY_BODY = YES;
				CLANG_WARN_ENUM_CONVERSION = YES;
				CLANG_WARN_INFINITE_RECURSION = YES;
				CLANG_WARN_INT_CONVERSION = YES;
				CLANG_WARN_NON_LITERAL_NULL_CONVERSION = YES;
				CLANG_WARN_OBJC_IMPLICIT_RETAIN_SELF = YES;
				CLANG_WARN_OBJC_LITERAL_CONVERSION = YES;
				CLANG_WARN_OBJC_ROOT_CLASS = YES_ERROR;
				CLANG_WARN_RANGE_LOOP_ANALYSIS = YES;
				CLANG_WARN_STRICT_PROTOTYPES = YES;
				CLANG_WARN_SUSPICIOUS_MOVE = YES;
				CLANG_WARN_UNGUARDED_AVAILABILITY = YES_AGGRESSIVE;
				CLANG_WARN_UNREACHABLE_CODE = YES;
				CLANG_WARN__DUPLICATE_METHOD_MATCH = YES;
				CODE_SIGN_IDENTITY = "-";
				COPY_PHASE_STRIP = NO;
				DEBUG_INFORMATION_FORMAT = "dwarf-with-dsym";
				ENABLE_NS_ASSERTIONS = NO;
				ENABLE_STRICT_OBJC_MSGSEND = YES;
				GCC_C_LANGUAGE_STANDARD = gnu11;
				GCC_NO_COMMON_BLOCKS = YES;
				GCC_WARN_64_TO_32_BIT_CONVERSION = YES;
				GCC_WARN_ABOUT_RETURN_TYPE = YES_ERROR;
				GCC_WARN_UNDECLARED_SELECTOR = YES;
				GCC_WARN_UNINITIALIZED_AUTOS = YES_AGGRESSIVE;
				GCC_WARN_UNUSED_FUNCTION = YES;
				GCC_WARN_UNUSED_VARIABLE = YES;
				MACOSX_DEPLOYMENT_TARGET = 10.13;
				MTL_ENABLE_DEBUG_INFO = NO;
				SDKROOT = macosx;
				SWIFT_COMPILATION_MODE = wholemodule;
				SWIFT_OPTIMIZATION_LEVEL = "-O";
			};
			name = Release;
		};
		300ECC8320CBD66C00E1188D /* Debug */ = {
			isa = XCBuildConfiguration;
			buildSettings = {
				CODE_SIGN_STYLE = Automatic;
				PRODUCT_NAME = "$(TARGET_NAME)";
				SWIFT_VERSION = 4.0;
			};
			name = Debug;
		};
		300ECC8420CBD66C00E1188D /* Release */ = {
			isa = XCBuildConfiguration;
			buildSettings = {
				CODE_SIGN_STYLE = Automatic;
				PRODUCT_NAME = "$(TARGET_NAME)";
				SWIFT_VERSION = 4.0;
			};
			name = Release;
		};
		3012980E20D606810092BDA9 /* Debug */ = {
			isa = XCBuildConfiguration;
			buildSettings = {
				CODE_SIGN_STYLE = Automatic;
				PRODUCT_NAME = "$(TARGET_NAME)";
				SWIFT_VERSION = 4.0;
			};
			name = Debug;
		};
		3012980F20D606810092BDA9 /* Release */ = {
			isa = XCBuildConfiguration;
			buildSettings = {
				CODE_SIGN_STYLE = Automatic;
				PRODUCT_NAME = "$(TARGET_NAME)";
				SWIFT_VERSION = 4.0;
			};
			name = Release;
		};
		3012982220D67F500092BDA9 /* Debug */ = {
			isa = XCBuildConfiguration;
			buildSettings = {
				CODE_SIGN_STYLE = Automatic;
				PRODUCT_NAME = "$(TARGET_NAME)";
				SWIFT_VERSION = 4.0;
			};
			name = Debug;
		};
		3012982320D67F500092BDA9 /* Release */ = {
			isa = XCBuildConfiguration;
			buildSettings = {
				CODE_SIGN_STYLE = Automatic;
				PRODUCT_NAME = "$(TARGET_NAME)";
				SWIFT_VERSION = 4.0;
			};
			name = Release;
		};
		3054A4C720CE189000B60C19 /* Debug */ = {
			isa = XCBuildConfiguration;
			buildSettings = {
				CODE_SIGN_STYLE = Automatic;
				PRODUCT_NAME = "$(TARGET_NAME)";
				SWIFT_VERSION = 4.0;
			};
			name = Debug;
		};
		3054A4C820CE189000B60C19 /* Release */ = {
			isa = XCBuildConfiguration;
			buildSettings = {
				CODE_SIGN_STYLE = Automatic;
				PRODUCT_NAME = "$(TARGET_NAME)";
				SWIFT_VERSION = 4.0;
			};
			name = Release;
		};
		3054A4D620CE242D00B60C19 /* Debug */ = {
			isa = XCBuildConfiguration;
			buildSettings = {
				CODE_SIGN_STYLE = Automatic;
				PRODUCT_NAME = "$(TARGET_NAME)";
				SWIFT_VERSION = 4.0;
			};
			name = Debug;
		};
		3054A4D720CE242D00B60C19 /* Release */ = {
			isa = XCBuildConfiguration;
			buildSettings = {
				CODE_SIGN_STYLE = Automatic;
				PRODUCT_NAME = "$(TARGET_NAME)";
				SWIFT_VERSION = 4.0;
			};
			name = Release;
		};
		3054A4E420CE51D500B60C19 /* Debug */ = {
			isa = XCBuildConfiguration;
			buildSettings = {
				CODE_SIGN_STYLE = Automatic;
				PRODUCT_NAME = "$(TARGET_NAME)";
				SWIFT_VERSION = 4.0;
			};
			name = Debug;
		};
		3054A4E520CE51D500B60C19 /* Release */ = {
			isa = XCBuildConfiguration;
			buildSettings = {
				CODE_SIGN_STYLE = Automatic;
				PRODUCT_NAME = "$(TARGET_NAME)";
				SWIFT_VERSION = 4.0;
			};
			name = Release;
		};
		3054A4F420CE7A6400B60C19 /* Debug */ = {
			isa = XCBuildConfiguration;
			buildSettings = {
				CODE_SIGN_STYLE = Automatic;
				PRODUCT_NAME = "$(TARGET_NAME)";
				SWIFT_VERSION = 4.0;
			};
			name = Debug;
		};
		3054A4F520CE7A6400B60C19 /* Release */ = {
			isa = XCBuildConfiguration;
			buildSettings = {
				CODE_SIGN_STYLE = Automatic;
				PRODUCT_NAME = "$(TARGET_NAME)";
				SWIFT_VERSION = 4.0;
			};
			name = Release;
		};
		305B6DE120CD66F800A51F42 /* Debug */ = {
			isa = XCBuildConfiguration;
			buildSettings = {
				CODE_SIGN_STYLE = Automatic;
				PRODUCT_NAME = "$(TARGET_NAME)";
				SWIFT_VERSION = 4.0;
			};
			name = Debug;
		};
		305B6DE220CD66F800A51F42 /* Release */ = {
			isa = XCBuildConfiguration;
			buildSettings = {
				CODE_SIGN_STYLE = Automatic;
				PRODUCT_NAME = "$(TARGET_NAME)";
				SWIFT_VERSION = 4.0;
			};
			name = Release;
		};
		30CCB68720D3691300594AD4 /* Debug */ = {
			isa = XCBuildConfiguration;
			buildSettings = {
				CODE_SIGN_STYLE = Automatic;
				PRODUCT_NAME = "$(TARGET_NAME)";
				SWIFT_VERSION = 4.0;
			};
			name = Debug;
		};
		30CCB68820D3691300594AD4 /* Release */ = {
			isa = XCBuildConfiguration;
			buildSettings = {
				CODE_SIGN_STYLE = Automatic;
				PRODUCT_NAME = "$(TARGET_NAME)";
				SWIFT_VERSION = 4.0;
			};
			name = Release;
		};
		30DA04F720E3D81800555648 /* Debug */ = {
			isa = XCBuildConfiguration;
			buildSettings = {
				CODE_SIGN_STYLE = Automatic;
				PRODUCT_NAME = "$(TARGET_NAME)";
				SWIFT_VERSION = 4.0;
			};
			name = Debug;
		};
		30DA04F820E3D81800555648 /* Release */ = {
			isa = XCBuildConfiguration;
			buildSettings = {
				CODE_SIGN_STYLE = Automatic;
				PRODUCT_NAME = "$(TARGET_NAME)";
				SWIFT_VERSION = 4.0;
			};
			name = Release;
		};
/* End XCBuildConfiguration section */

/* Begin XCConfigurationList section */
		300ECC6B20CBD5E800E1188D /* Build configuration list for PBXProject "RayTracingInOneWeekendWithSwift" */ = {
			isa = XCConfigurationList;
			buildConfigurations = (
				300ECC7520CBD5E800E1188D /* Debug */,
				300ECC7620CBD5E800E1188D /* Release */,
			);
			defaultConfigurationIsVisible = 0;
			defaultConfigurationName = Release;
		};
		300ECC8220CBD66C00E1188D /* Build configuration list for PBXNativeTarget "chap01" */ = {
			isa = XCConfigurationList;
			buildConfigurations = (
				300ECC8320CBD66C00E1188D /* Debug */,
				300ECC8420CBD66C00E1188D /* Release */,
			);
			defaultConfigurationIsVisible = 0;
			defaultConfigurationName = Release;
		};
		3012980D20D606810092BDA9 /* Build configuration list for PBXNativeTarget "chap08" */ = {
			isa = XCConfigurationList;
			buildConfigurations = (
				3012980E20D606810092BDA9 /* Debug */,
				3012980F20D606810092BDA9 /* Release */,
			);
			defaultConfigurationIsVisible = 0;
			defaultConfigurationName = Release;
		};
		3012982120D67F500092BDA9 /* Build configuration list for PBXNativeTarget "chap09" */ = {
			isa = XCConfigurationList;
			buildConfigurations = (
				3012982220D67F500092BDA9 /* Debug */,
				3012982320D67F500092BDA9 /* Release */,
			);
			defaultConfigurationIsVisible = 0;
			defaultConfigurationName = Release;
		};
		3054A4C620CE189000B60C19 /* Build configuration list for PBXNativeTarget "chap03" */ = {
			isa = XCConfigurationList;
			buildConfigurations = (
				3054A4C720CE189000B60C19 /* Debug */,
				3054A4C820CE189000B60C19 /* Release */,
			);
			defaultConfigurationIsVisible = 0;
			defaultConfigurationName = Release;
		};
		3054A4D520CE242D00B60C19 /* Build configuration list for PBXNativeTarget "chap04" */ = {
			isa = XCConfigurationList;
			buildConfigurations = (
				3054A4D620CE242D00B60C19 /* Debug */,
				3054A4D720CE242D00B60C19 /* Release */,
			);
			defaultConfigurationIsVisible = 0;
			defaultConfigurationName = Release;
		};
		3054A4E320CE51D500B60C19 /* Build configuration list for PBXNativeTarget "chap05" */ = {
			isa = XCConfigurationList;
			buildConfigurations = (
				3054A4E420CE51D500B60C19 /* Debug */,
				3054A4E520CE51D500B60C19 /* Release */,
			);
			defaultConfigurationIsVisible = 0;
			defaultConfigurationName = Release;
		};
		3054A4F320CE7A6400B60C19 /* Build configuration list for PBXNativeTarget "chap06" */ = {
			isa = XCConfigurationList;
			buildConfigurations = (
				3054A4F420CE7A6400B60C19 /* Debug */,
				3054A4F520CE7A6400B60C19 /* Release */,
			);
			defaultConfigurationIsVisible = 0;
			defaultConfigurationName = Release;
		};
		305B6DE020CD66F800A51F42 /* Build configuration list for PBXNativeTarget "chap02" */ = {
			isa = XCConfigurationList;
			buildConfigurations = (
				305B6DE120CD66F800A51F42 /* Debug */,
				305B6DE220CD66F800A51F42 /* Release */,
			);
			defaultConfigurationIsVisible = 0;
			defaultConfigurationName = Release;
		};
		30CCB68920D3691300594AD4 /* Build configuration list for PBXNativeTarget "chap07" */ = {
			isa = XCConfigurationList;
			buildConfigurations = (
				30CCB68720D3691300594AD4 /* Debug */,
				30CCB68820D3691300594AD4 /* Release */,
			);
			defaultConfigurationIsVisible = 0;
			defaultConfigurationName = Release;
		};
		30DA04F920E3D81800555648 /* Build configuration list for PBXNativeTarget "chap10" */ = {
			isa = XCConfigurationList;
			buildConfigurations = (
				30DA04F720E3D81800555648 /* Debug */,
				30DA04F820E3D81800555648 /* Release */,
			);
			defaultConfigurationIsVisible = 0;
			defaultConfigurationName = Release;
		};
/* End XCConfigurationList section */
	};
	rootObject = 300ECC6820CBD5E800E1188D /* Project object */;
}
